
Microsoft Visual Studio Solution File, Format Version 12.00
Project("{FAE04EC0-301F-11D3-BF4B-00C04F79EFBC}") = "SMSTeknikClient", "SMSTeknikClient\SMSTeknikClient.csproj", "{F7E78C12-541B-4E8E-B128-BEC95410B08C}"
EndProject
Global
	GlobalSection(SolutionConfigurationPlatforms) = preSolution
		Debug|Any CPU = Debug|Any CPU
		Release|Any CPU = Release|Any CPU
	EndGlobalSection
	GlobalSection(ProjectConfigurationPlatforms) = postSolution
		{F7E78C12-541B-4E8E-B128-BEC95410B08C}.Debug|Any CPU.ActiveCfg = Debug|Any CPU
		{F7E78C12-541B-4E8E-B128-BEC95410B08C}.Debug|Any CPU.Build.0 = Debug|Any CPU
		{F7E78C12-541B-4E8E-B128-BEC95410B08C}.Release|Any CPU.ActiveCfg = Release|Any CPU
		{F7E78C12-541B-4E8E-B128-BEC95410B08C}.Release|Any CPU.Build.0 = Release|Any CPU
	EndGlobalSection
EndGlobal
